
Microsoft Visual Studio Solution File, Format Version 12.00
# Visual Studio Version 16
VisualStudioVersion = 16.0.30611.23
MinimumVisualStudioVersion = 15.0.26124.0
Project("{FAE04EC0-301F-11D3-BF4B-00C04F79EFBC}") = "Avtomatizaciya_prodazhi.Objects", "Objects/Avtomatizaciya_prodazhi.Objects.csproj", "ec1e77a5-3d10-4651-ae11-9f27990f53f0"
EndProject
Project("{FAE04EC0-301F-11D3-BF4B-00C04F79EFBC}") = "Avtomatizaciya_prodazhi.Tests", "Tests/Avtomatizaciya_prodazhi.Tests.csproj", "09dea6c3-9212-4260-91f3-5458bcece45f"
EndProject
Project("{FAE04EC0-301F-11D3-BF4B-00C04F79EFBC}") = "Avtomatizaciya_prodazhi.ODataBackend", "ODataBackend/Avtomatizaciya_prodazhi.ODataBackend.csproj", "1e0fb144-23ff-4b0f-a379-fda1bd787f4c"
EndProject
Project("{FAE04EC0-301F-11D3-BF4B-00C04F79EFBC}") = "Avtomatizaciya_prodazhi.IntegrationTests", "IntegrationTests/Avtomatizaciya_prodazhi.IntegrationTests.csproj", "889b12c5-e591-463c-b5cc-2a4e76db508f"
EndProject
Global
	GlobalSection(SolutionConfigurationPlatforms) = preSolution
Debug|Any CPU = Debug|Any CPU
Release|Any CPU = Release|Any CPU
	EndGlobalSection
	GlobalSection(ProjectConfigurationPlatforms) = postSolution
		ec1e77a5-3d10-4651-ae11-9f27990f53f0.Debug|Any CPU.ActiveCfg = Debug|Any CPU
		ec1e77a5-3d10-4651-ae11-9f27990f53f0.Debug|Any CPU.Build.0 = Debug|Any CPU
		ec1e77a5-3d10-4651-ae11-9f27990f53f0.Release|Any CPU.ActiveCfg = Release|Any CPU
		ec1e77a5-3d10-4651-ae11-9f27990f53f0.Release|Any CPU.Build.0 = Release|Any CPU
		09dea6c3-9212-4260-91f3-5458bcece45f.Debug|Any CPU.ActiveCfg = Debug|Any CPU
		09dea6c3-9212-4260-91f3-5458bcece45f.Debug|Any CPU.Build.0 = Debug|Any CPU
		09dea6c3-9212-4260-91f3-5458bcece45f.Release|Any CPU.ActiveCfg = Release|Any CPU
		09dea6c3-9212-4260-91f3-5458bcece45f.Release|Any CPU.Build.0 = Release|Any CPU
		1e0fb144-23ff-4b0f-a379-fda1bd787f4c.Debug|Any CPU.ActiveCfg = Debug|Any CPU
		1e0fb144-23ff-4b0f-a379-fda1bd787f4c.Debug|Any CPU.Build.0 = Debug|Any CPU
		1e0fb144-23ff-4b0f-a379-fda1bd787f4c.Release|Any CPU.ActiveCfg = Release|Any CPU
		1e0fb144-23ff-4b0f-a379-fda1bd787f4c.Release|Any CPU.Build.0 = Release|Any CPU
		889b12c5-e591-463c-b5cc-2a4e76db508f.Debug|Any CPU.ActiveCfg = Debug|Any CPU
		889b12c5-e591-463c-b5cc-2a4e76db508f.Debug|Any CPU.Build.0 = Debug|Any CPU
		889b12c5-e591-463c-b5cc-2a4e76db508f.Release|Any CPU.ActiveCfg = Release|Any CPU
		889b12c5-e591-463c-b5cc-2a4e76db508f.Release|Any CPU.Build.0 = Release|Any CPU
	EndGlobalSection
	GlobalSection(SolutionProperties) = preSolution
		HideSolutionNode = FALSE
	EndGlobalSection
EndGlobal
